# THIS IS AN AUTOGENERATED FILE. DO NOT EDIT THIS FILE DIRECTLY.
# yarn lockfile v1


"@playwright/test@^1.49.0":
  version "1.59.0"
  resolved "https://registry.yarnpkg.com/@playwright/test/-/test-1.59.0.tgz#576c67501a2a0e42a5693f5706471e5ebde30add"
  integrity sha512-TOA5sTLd49rTDaZpYpvCQ9hGefHQq/OYOyCVnGqS2mjMfX+lGZv2iddIJd0I48cfxqSPttS9S3OuLKyylHcO1w==
  dependencies:
    playwright "1.59.0"

fsevents@2.3.2:
  version "2.3.2"
  resolved "https://registry.yarnpkg.com/fsevents/-/fsevents-2.3.2.tgz#8a526f78b8fdf4623b709e0b975c52c24c02fd1a"
  integrity sha512-xiqMQR4xAeHTuB9uWm+fFRcIOgKBMiOBP+eXiyT7jsgVCq1bkVygt00oASowB7EdtpOHaaPgKt812P9ab+DDKA==

playwright-core@1.59.0:
  version "1.59.0"
  resolved "https://registry.yarnpkg.com/playwright-core/-/playwright-core-1.59.0.tgz#994d71ceffda76ea0f9e95eeb065db7532b87069"
  integrity sha512-PW/X/IoZ6BMUUy8rpwHEZ8Kc0IiLIkgKYGNFaMs5KmQhcfLILNx9yCQD0rnWeWfz1PNeqcFP1BsihQhDOBCwZw==

playwright@1.59.0:
  version "1.59.0"
  resolved "https://registry.yarnpkg.com/playwright/-/playwright-1.59.0.tgz#8d4b152c8d1c6b9e6e5bcb18b6cf62f51b9edb8b"
  integrity sha512-wihGScriusvATUxmhfENxg0tj1vHEFeIwxlnPFKQTOQVd7aG08mUfvvniRP/PtQOC+2Bs52kBOC/Up1jTXeIbw==
  dependencies:
    playwright-core "1.59.0"
  optionalDependencies:
    fsevents "2.3.2"

typescript@^5.6.0:
  version "5.9.3"
  resolved "https://registry.yarnpkg.com/typescript/-/typescript-5.9.3.tgz#5b4f59e15310ab17a216f5d6cf53ee476ede670f"
  integrity sha512-jl1vZzPDinLr9eUt3J/t7V6FgNEw9QjvBPdysz9KfQDD41fQrC2Y4vKQdiaUpFT4bXlb1RHhLpp8wtm6M5TgSw==
